
Microsoft Visual Studio Solution File, Format Version 12.00
# Visual Studio 15
VisualStudioVersion = 15.0.27428.2015
MinimumVisualStudioVersion = 10.0.40219.1
Project("{FAE04EC0-301F-11D3-BF4B-00C04F79EFBC}") = "ECardGenerator", "ECardGenerator\ECardGenerator.csproj", "{51050125-07F3-4351-8694-084B7EAD880E}"
EndProject
Project("{FAE04EC0-301F-11D3-BF4B-00C04F79EFBC}") = "ECardGenerator.Tests", "ECardGenerator.Tests\ECardGenerator.Tests.csproj", "{BDBE5B77-CC98-4A47-BB82-ED2175F77DBC}"
EndProject
Global
	GlobalSection(SolutionConfigurationPlatforms) = preSolution
		Debug|Any CPU = Debug|Any CPU
		Release|Any CPU = Release|Any CPU
	EndGlobalSection
	GlobalSection(ProjectConfigurationPlatforms) = postSolution
		{51050125-07F3-4351-8694-084B7EAD880E}.Debug|Any CPU.ActiveCfg = Debug|Any CPU
		{51050125-07F3-4351-8694-084B7EAD880E}.Debug|Any CPU.Build.0 = Debug|Any CPU
		{51050125-07F3-4351-8694-084B7EAD880E}.Release|Any CPU.ActiveCfg = Release|Any CPU
		{51050125-07F3-4351-8694-084B7EAD880E}.Release|Any CPU.Build.0 = Release|Any CPU
		{BDBE5B77-CC98-4A47-BB82-ED2175F77DBC}.Debug|Any CPU.ActiveCfg = Debug|Any CPU
		{BDBE5B77-CC98-4A47-BB82-ED2175F77DBC}.Debug|Any CPU.Build.0 = Debug|Any CPU
		{BDBE5B77-CC98-4A47-BB82-ED2175F77DBC}.Release|Any CPU.ActiveCfg = Release|Any CPU
		{BDBE5B77-CC98-4A47-BB82-ED2175F77DBC}.Release|Any CPU.Build.0 = Release|Any CPU
	EndGlobalSection
	GlobalSection(SolutionProperties) = preSolution
		HideSolutionNode = FALSE
	EndGlobalSection
	GlobalSection(ExtensibilityGlobals) = postSolution
		SolutionGuid = {E48661B4-4236-4FA5-BF49-B18CD68BBF89}
	EndGlobalSection
EndGlobal
